
Microsoft Visual Studio Solution File, Format Version 12.00
# Visual Studio 15
VisualStudioVersion = 15.0.27703.2042
MinimumVisualStudioVersion = 10.0.40219.1
Project("{888888A0-9F3D-457C-B088-3A5042F75D52}") = "Reddit Downloader", "Reddit Downloader\Reddit Downloader.pyproj", "{5390D684-D8A3-4EB0-9A76-E351020AB572}"
EndProject
Global
	GlobalSection(SolutionConfigurationPlatforms) = preSolution
		Debug|Any CPU = Debug|Any CPU
		Release|Any CPU = Release|Any CPU
	EndGlobalSection
	GlobalSection(ProjectConfigurationPlatforms) = postSolution
		{5390D684-D8A3-4EB0-9A76-E351020AB572}.Debug|Any CPU.ActiveCfg = Debug|Any CPU
		{5390D684-D8A3-4EB0-9A76-E351020AB572}.Release|Any CPU.ActiveCfg = Release|Any CPU
	EndGlobalSection
	GlobalSection(SolutionProperties) = preSolution
		HideSolutionNode = FALSE
	EndGlobalSection
	GlobalSection(ExtensibilityGlobals) = postSolution
		SolutionGuid = {628D1E3E-90E0-4801-B238-30B26014E369}
	EndGlobalSection
EndGlobal
